
Microsoft Visual Studio Solution File, Format Version 12.00
# Visual Studio Version 17
VisualStudioVersion = 17.4.32804.182
MinimumVisualStudioVersion = 10.0.40219.1
Project("{9A19103F-16F7-4668-BE54-9A1E7A4F7556}") = "nn73", "src\nn73.csproj", "{A18CB255-A5C8-429E-ACC2-7B0E8D620272}"
EndProject
Project("{2150E333-8FDC-42A3-9474-1A3956D46DE8}") = "Presets", "Presets", "{7E86733D-65D2-4CF1-A505-2CB09529DC99}"
	ProjectSection(SolutionItems) = preProject
		.presets\links.yml = .presets\links.yml
		.presets\nitis-core.yml = .presets\nitis-core.yml
		.presets\projects.yml = .presets\projects.yml
	EndProjectSection
EndProject
Project("{2150E333-8FDC-42A3-9474-1A3956D46DE8}") = "Page Presets", "Page Presets", "{744A908D-55E5-4A8A-99B5-EF3E20291125}"
	ProjectSection(SolutionItems) = preProject
		.pages\dropdown-link.html = .pages\dropdown-link.html
		.pages\dropdown-title.html = .pages\dropdown-title.html
		.pages\dropdown.html = .pages\dropdown.html
		.pages\main.html = .pages\main.html
	EndProjectSection
EndProject
Global
	GlobalSection(SolutionConfigurationPlatforms) = preSolution
		Debug|Any CPU = Debug|Any CPU
		Release|Any CPU = Release|Any CPU
	EndGlobalSection
	GlobalSection(ProjectConfigurationPlatforms) = postSolution
		{A18CB255-A5C8-429E-ACC2-7B0E8D620272}.Debug|Any CPU.ActiveCfg = Debug|Any CPU
		{A18CB255-A5C8-429E-ACC2-7B0E8D620272}.Debug|Any CPU.Build.0 = Debug|Any CPU
		{A18CB255-A5C8-429E-ACC2-7B0E8D620272}.Release|Any CPU.ActiveCfg = Release|Any CPU
		{A18CB255-A5C8-429E-ACC2-7B0E8D620272}.Release|Any CPU.Build.0 = Release|Any CPU
	EndGlobalSection
	GlobalSection(SolutionProperties) = preSolution
		HideSolutionNode = FALSE
	EndGlobalSection
	GlobalSection(ExtensibilityGlobals) = postSolution
		SolutionGuid = {ACED20EA-F802-47DE-A5BC-F643195A08A1}
	EndGlobalSection
EndGlobal
